// !$*UTF8*$!
{
	archiveVersion = 1;
	classes = {
	};
	objectVersion = 50;
	objects = {

/* Begin PBXBuildFile section */
		22892183268CAD2F0095CF4F /* AppDelegate.swift in Sources */ = {isa = PBXBuildFile; fileRef = 22892182268CAD2F0095CF4F /* AppDelegate.swift */; };
		22892185268CAD2F0095CF4F /* SceneDelegate.swift in Sources */ = {isa = PBXBuildFile; fileRef = 22892184268CAD2F0095CF4F /* SceneDelegate.swift */; };
		22892187268CAD2F0095CF4F /* ContentView.swift in Sources */ = {isa = PBXBuildFile; fileRef = 22892186268CAD2F0095CF4F /* ContentView.swift */; };
		2289218A268CAD2F0095CF4F /* WeSplit.xcdatamodeld in Sources */ = {isa = PBXBuildFile; fileRef = 22892188268CAD2F0095CF4F /* WeSplit.xcdatamodeld */; };
		2289218C268CAD360095CF4F /* Assets.xcassets in Resources */ = {isa = PBXBuildFile; fileRef = 2289218B268CAD360095CF4F /* Assets.xcassets */; };
		2289218F268CAD360095CF4F /* Preview Assets.xcassets in Resources */ = {isa = PBXBuildFile; fileRef = 2289218E268CAD360095CF4F /* Preview Assets.xcassets */; };
		22892192268CAD360095CF4F /* LaunchScreen.storyboard in Resources */ = {isa = PBXBuildFile; fileRef = 22892190268CAD360095CF4F /* LaunchScreen.storyboard */; };
		2289219D268CAD370095CF4F /* WeSplitTests.swift in Sources */ = {isa = PBXBuildFile; fileRef = 2289219C268CAD370095CF4F /* WeSplitTests.swift */; };
		228921A8268CAD370095CF4F /* WeSplitUITests.swift in Sources */ = {isa = PBXBuildFile; fileRef = 228921A7268CAD370095CF4F /* WeSplitUITests.swift */; };
/* End PBXBuildFile section */

/* Begin PBXContainerItemProxy section */
		22892199268CAD370095CF4F /* PBXContainerItemProxy */ = {
			isa = PBXContainerItemProxy;
			containerPortal = 22892177268CAD2F0095CF4F /* Project object */;
			proxyType = 1;
			remoteGlobalIDString = 2289217E268CAD2F0095CF4F;
			remoteInfo = WeSplit;
		};
		228921A4268CAD370095CF4F /* PBXContainerItemProxy */ = {
			isa = PBXContainerItemProxy;
			containerPortal = 22892177268CAD2F0095CF4F /* Project object */;
			proxyType = 1;
			remoteGlobalIDString = 2289217E268CAD2F0095CF4F;
			remoteInfo = WeSplit;
		};
/* End PBXContainerItemProxy section */

/* Begin PBXFileReference section */
		2289217F268CAD2F0095CF4F /* WeSplit.app */ = {isa = PBXFileReference; explicitFileType = wrapper.application; includeInIndex = 0; path = WeSplit.app; sourceTree = BUILT_PRODUCTS_DIR; };
		22892182268CAD2F0095CF4F /* AppDelegate.swift */ = {isa = PBXFileReference; lastKnownFileType = sourcecode.swift; path = AppDelegate.swift; sourceTree = "<group>"; };
		22892184268CAD2F0095CF4F /* SceneDelegate.swift */ = {isa = PBXFileReference; lastKnownFileType = sourcecode.swift; path = SceneDelegate.swift; sourceTree = "<group>"; };
		22892186268CAD2F0095CF4F /* ContentView.swift */ = {isa = PBXFileReference; lastKnownFileType = sourcecode.swift; path = ContentView.swift; sourceTree = "<group>"; };
		22892189268CAD2F0095CF4F /* WeSplit.xcdatamodel */ = {isa = PBXFileReference; lastKnownFileType = wrapper.xcdatamodel; path = WeSplit.xcdatamodel; sourceTree = "<group>"; };
		2289218B268CAD360095CF4F /* Assets.xcassets */ = {isa = PBXFileReference; lastKnownFileType = folder.assetcatalog; path = Assets.xcassets; sourceTree = "<group>"; };
		2289218E268CAD360095CF4F /* Preview Assets.xcassets */ = {isa = PBXFileReference; lastKnownFileType = folder.assetcatalog; path = "Preview Assets.xcassets"; sourceTree = "<group>"; };
		22892191268CAD360095CF4F /* Base */ = {isa = PBXFileReference; lastKnownFileType = file.storyboard; name = Base; path = Base.lproj/LaunchScreen.storyboard; sourceTree = "<group>"; };
		22892193268CAD360095CF4F /* Info.plist */ = {isa = PBXFileReference; lastKnownFileType = text.plist.xml; path = Info.plist; sourceTree = "<group>"; };
		22892198268CAD370095CF4F /* WeSplitTests.xctest */ = {isa = PBXFileReference; explicitFileType = wrapper.cfbundle; includeInIndex = 0; path = WeSplitTests.xctest; sourceTree = BUILT_PRODUCTS_DIR; };
		2289219C268CAD370095CF4F /* WeSplitTests.swift */ = {isa = PBXFileReference; lastKnownFileType = sourcecode.swift; path = WeSplitTests.swift; sourceTree = "<group>"; };
		2289219E268CAD370095CF4F /* Info.plist */ = {isa = PBXFileReference; lastKnownFileType = text.plist.xml; path = Info.plist; sourceTree = "<group>"; };
		228921A3268CAD370095CF4F /* WeSplitUITests.xctest */ = {isa = PBXFileReference; explicitFileType = wrapper.cfbundle; includeInIndex = 0; path = WeSplitUITests.xctest; sourceTree = BUILT_PRODUCTS_DIR; };
		228921A7268CAD370095CF4F /* WeSplitUITests.swift */ = {isa = PBXFileReference; lastKnownFileType = sourcecode.swift; path = WeSplitUITests.swift; sourceTree = "<group>"; };
		228921A9268CAD370095CF4F /* Info.plist */ = {isa = PBXFileReference; lastKnownFileType = text.plist.xml; path = Info.plist; sourceTree = "<group>"; };
/* End PBXFileReference section */

/* Begin PBXFrameworksBuildPhase section */
		2289217C268CAD2F0095CF4F /* Frameworks */ = {
			isa = PBXFrameworksBuildPhase;
			buildActionMask = 2147483647;
			files = (
			);
			runOnlyForDeploymentPostprocessing = 0;
		};
		22892195268CAD370095CF4F /* Frameworks */ = {
			isa = PBXFrameworksBuildPhase;
			buildActionMask = 2147483647;
			files = (
			);
			runOnlyForDeploymentPostprocessing = 0;
		};
		228921A0268CAD370095CF4F /* Frameworks */ = {
			isa = PBXFrameworksBuildPhase;
			buildActionMask = 2147483647;
			files = (
			);
			runOnlyForDeploymentPostprocessing = 0;
		};
/* End PBXFrameworksBuildPhase section */

/* Begin PBXGroup section */
		22892176268CAD2F0095CF4F = {
			isa = PBXGroup;
			children = (
				22892181268CAD2F0095CF4F /* WeSplit */,
				2289219B268CAD370095CF4F /* WeSplitTests */,
				228921A6268CAD370095CF4F /* WeSplitUITests */,
				22892180268CAD2F0095CF4F /* Products */,
			);
			sourceTree = "<group>";
		};
		22892180268CAD2F0095CF4F /* Products */ = {
			isa = PBXGroup;
			children = (
				2289217F268CAD2F0095CF4F /* WeSplit.app */,
				22892198268CAD370095CF4F /* WeSplitTests.xctest */,
				228921A3268CAD370095CF4F /* WeSplitUITests.xctest */,
			);
			name = Products;
			sourceTree = "<group>";
		};
		22892181268CAD2F0095CF4F /* WeSplit */ = {
			isa = PBXGroup;
			children = (
				22892182268CAD2F0095CF4F /* AppDelegate.swift */,
				22892184268CAD2F0095CF4F /* SceneDelegate.swift */,
				22892186268CAD2F0095CF4F /* ContentView.swift */,
				2289218B268CAD360095CF4F /* Assets.xcassets */,
				22892190268CAD360095CF4F /* LaunchScreen.storyboard */,
				22892193268CAD360095CF4F /* Info.plist */,
				22892188268CAD2F0095CF4F /* WeSplit.xcdatamodeld */,
				2289218D268CAD360095CF4F /* Preview Content */,
			);
			path = WeSplit;
			sourceTree = "<group>";
		};
		2289218D268CAD360095CF4F /* Preview Content */ = {
			isa = PBXGroup;
			children = (
				2289218E268CAD360095CF4F /* Preview Assets.xcassets */,
			);
			path = "Preview Content";
			sourceTree = "<group>";
		};
		2289219B268CAD370095CF4F /* WeSplitTests */ = {
			isa = PBXGroup;
			children = (
				2289219C268CAD370095CF4F /* WeSplitTests.swift */,
				2289219E268CAD370095CF4F /* Info.plist */,
			);
			path = WeSplitTests;
			sourceTree = "<group>";
		};
		228921A6268CAD370095CF4F /* WeSplitUITests */ = {
			isa = PBXGroup;
			children = (
				228921A7268CAD370095CF4F /* WeSplitUITests.swift */,
				228921A9268CAD370095CF4F /* Info.plist */,
			);
			path = WeSplitUITests;
			sourceTree = "<group>";
		};
/* End PBXGroup section */

/* Begin PBXNativeTarget section */
		2289217E268CAD2F0095CF4F /* WeSplit */ = {
			isa = PBXNativeTarget;
			buildConfigurationList = 228921AC268CAD370095CF4F /* Build configuration list for PBXNativeTarget "WeSplit" */;
			buildPhases = (
				2289217B268CAD2F0095CF4F /* Sources */,
				2289217C268CAD2F0095CF4F /* Frameworks */,
				2289217D268CAD2F0095CF4F /* Resources */,
			);
			buildRules = (
			);
			dependencies = (
			);
			name = WeSplit;
			productName = WeSplit;
			productReference = 2289217F268CAD2F0095CF4F /* WeSplit.app */;
			productType = "com.apple.product-type.application";
		};
		22892197268CAD370095CF4F /* WeSplitTests */ = {
			isa = PBXNativeTarget;
			buildConfigurationList = 228921AF268CAD370095CF4F /* Build configuration list for PBXNativeTarget "WeSplitTests" */;
			buildPhases = (
				22892194268CAD370095CF4F /* Sources */,
				22892195268CAD370095CF4F /* Frameworks */,
				22892196268CAD370095CF4F /* Resources */,
			);
			buildRules = (
			);
			dependencies = (
				2289219A268CAD370095CF4F /* PBXTargetDependency */,
			);
			name = WeSplitTests;
			productName = WeSplitTests;
			productReference = 22892198268CAD370095CF4F /* WeSplitTests.xctest */;
			productType = "com.apple.product-type.bundle.unit-test";
		};
		228921A2268CAD370095CF4F /* WeSplitUITests */ = {
			isa = PBXNativeTarget;
			buildConfigurationList = 228921B2268CAD370095CF4F /* Build configuration list for PBXNativeTarget "WeSplitUITests" */;
			buildPhases = (
				2289219F268CAD370095CF4F /* Sources */,
				228921A0268CAD370095CF4F /* Frameworks */,
				228921A1268CAD370095CF4F /* Resources */,
			);
			buildRules = (
			);
			dependencies = (
				228921A5268CAD370095CF4F /* PBXTargetDependency */,
			);
			name = WeSplitUITests;
			productName = WeSplitUITests;
			productReference = 228921A3268CAD370095CF4F /* WeSplitUITests.xctest */;
			productType = "com.apple.product-type.bundle.ui-testing";
		};
/* End PBXNativeTarget section */

/* Begin PBXProject section */
		22892177268CAD2F0095CF4F /* Project object */ = {
			isa = PBXProject;
			attributes = {
				LastSwiftUpdateCheck = 1240;
				LastUpgradeCheck = 1240;
				TargetAttributes = {
					2289217E268CAD2F0095CF4F = {
						CreatedOnToolsVersion = 12.4;
					};
					22892197268CAD370095CF4F = {
						CreatedOnToolsVersion = 12.4;
						TestTargetID = 2289217E268CAD2F0095CF4F;
					};
					228921A2268CAD370095CF4F = {
						CreatedOnToolsVersion = 12.4;
						TestTargetID = 2289217E268CAD2F0095CF4F;
					};
				};
			};
			buildConfigurationList = 2289217A268CAD2F0095CF4F /* Build configuration list for PBXProject "WeSplit" */;
			compatibilityVersion = "Xcode 9.3";
			developmentRegion = en;
			hasScannedForEncodings = 0;
			knownRegions = (
				en,
				Base,
			);
			mainGroup = 22892176268CAD2F0095CF4F;
			productRefGroup = 22892180268CAD2F0095CF4F /* Products */;
			projectDirPath = "";
			projectRoot = "";
			targets = (
				2289217E268CAD2F0095CF4F /* WeSplit */,
				22892197268CAD370095CF4F /* WeSplitTests */,
				228921A2268CAD370095CF4F /* WeSplitUITests */,
			);
		};
/* End PBXProject section */

/* Begin PBXResourcesBuildPhase section */
		2289217D268CAD2F0095CF4F /* Resources */ = {
			isa = PBXResourcesBuildPhase;
			buildActionMask = 2147483647;
			files = (
				22892192268CAD360095CF4F /* LaunchScreen.storyboard in Resources */,
				2289218F268CAD360095CF4F /* Preview Assets.xcassets in Resources */,
				2289218C268CAD360095CF4F /* Assets.xcassets in Resources */,
			);
			runOnlyForDeploymentPostprocessing = 0;
		};
		22892196268CAD370095CF4F /* Resources */ = {
			isa = PBXResourcesBuildPhase;
			buildActionMask = 2147483647;
			files = (
			);
			runOnlyForDeploymentPostprocessing = 0;
		};
		228921A1268CAD370095CF4F /* Resources */ = {
			isa = PBXResourcesBuildPhase;
			buildActionMask = 2147483647;
			files = (
			);
			runOnlyForDeploymentPostprocessing = 0;
		};
/* End PBXResourcesBuildPhase section */

/* Begin PBXSourcesBuildPhase section */
		2289217B268CAD2F0095CF4F /* Sources */ = {
			isa = PBXSourcesBuildPhase;
			buildActionMask = 2147483647;
			files = (
				2289218A268CAD2F0095CF4F /* WeSplit.xcdatamodeld in Sources */,
				22892183268CAD2F0095CF4F /* AppDelegate.swift in Sources */,
				22892185268CAD2F0095CF4F /* SceneDelegate.swift in Sources */,
				22892187268CAD2F0095CF4F /* ContentView.swift in Sources */,
			);
			runOnlyForDeploymentPostprocessing = 0;
		};
		22892194268CAD370095CF4F /* Sources */ = {
			isa = PBXSourcesBuildPhase;
			buildActionMask = 2147483647;
			files = (
				2289219D268CAD370095CF4F /* WeSplitTests.swift in Sources */,
			);
			runOnlyForDeploymentPostprocessing = 0;
		};
		2289219F268CAD370095CF4F /* Sources */ = {
			isa = PBXSourcesBuildPhase;
			buildActionMask = 2147483647;
			files = (
				228921A8268CAD370095CF4F /* WeSplitUITests.swift in Sources */,
			);
			runOnlyForDeploymentPostprocessing = 0;
		};
/* End PBXSourcesBuildPhase section */

/* Begin PBXTargetDependency section */
		2289219A268CAD370095CF4F /* PBXTargetDependency */ = {
			isa = PBXTargetDependency;
			target = 2289217E268CAD2F0095CF4F /* WeSplit */;
			targetProxy = 22892199268CAD370095CF4F /* PBXContainerItemProxy */;
		};
		228921A5268CAD370095CF4F /* PBXTargetDependency */ = {
			isa = PBXTargetDependency;
			target = 2289217E268CAD2F0095CF4F /* WeSplit */;
			targetProxy = 228921A4268CAD370095CF4F /* PBXContainerItemProxy */;
		};
/* End PBXTargetDependency section */

/* Begin PBXVariantGroup section */
		22892190268CAD360095CF4F /* LaunchScreen.storyboard */ = {
			isa = PBXVariantGroup;
			children = (
				22892191268CAD360095CF4F /* Base */,
			);
			name = LaunchScreen.storyboard;
			sourceTree = "<group>";
		};
/* End PBXVariantGroup section */

/* Begin XCBuildConfiguration section */
		228921AA268CAD370095CF4F /* Debug */ = {
			isa = XCBuildConfiguration;
			buildSettings = {
				ALWAYS_SEARCH_USER_PATHS = NO;
				CLANG_ANALYZER_NONNULL = YES;
				CLANG_ANALYZER_NUMBER_OBJECT_CONVERSION = YES_AGGRESSIVE;
				CLANG_CXX_LANGUAGE_STANDARD = "gnu++14";
				CLANG_CXX_LIBRARY = "libc++";
				CLANG_ENABLE_MODULES = YES;
				CLANG_ENABLE_OBJC_ARC = YES;
				CLANG_ENABLE_OBJC_WEAK = YES;
				CLANG_WARN_BLOCK_CAPTURE_AUTORELEASING = YES;
				CLANG_WARN_BOOL_CONVERSION = YES;
				CLANG_WARN_COMMA = YES;
				CLANG_WARN_CONSTANT_CONVERSION = YES;
				CLANG_WARN_DEPRECATED_OBJC_IMPLEMENTATIONS = YES;
				CLANG_WARN_DIRECT_OBJC_ISA_USAGE = YES_ERROR;
				CLANG_WARN_DOCUMENTATION_COMMENTS = YES;
				CLANG_WARN_EMPTY_BODY = YES;
				CLANG_WARN_ENUM_CONVERSION = YES;
				CLANG_WARN_INFINITE_RECURSION = YES;
				CLANG_WARN_INT_CONVERSION = YES;
				CLANG_WARN_NON_LITERAL_NULL_CONVERSION = YES;
				CLANG_WARN_OBJC_IMPLICIT_RETAIN_SELF = YES;
				CLANG_WARN_OBJC_LITERAL_CONVERSION = YES;
				CLANG_WARN_OBJC_ROOT_CLASS = YES_ERROR;
				CLANG_WARN_QUOTED_INCLUDE_IN_FRAMEWORK_HEADER = YES;
				CLANG_WARN_RANGE_LOOP_ANALYSIS = YES;
				CLANG_WARN_STRICT_PROTOTYPES = YES;
				CLANG_WARN_SUSPICIOUS_MOVE = YES;
				CLANG_WARN_UNGUARDED_AVAILABILITY = YES_AGGRESSIVE;
				CLANG_WARN_UNREACHABLE_CODE = YES;
				CLANG_WARN__DUPLICATE_METHOD_MATCH = YES;
				COPY_PHASE_STRIP = NO;
				DEBUG_INFORMATION_FORMAT = dwarf;
				ENABLE_STRICT_OBJC_MSGSEND = YES;
				ENABLE_TESTABILITY = YES;
				GCC_C_LANGUAGE_STANDARD = gnu11;
				GCC_DYNAMIC_NO_PIC = NO;
				GCC_NO_COMMON_BLOCKS = YES;
				GCC_OPTIMIZATION_LEVEL = 0;
				GCC_PREPROCESSOR_DEFINITIONS = (
					"DEBUG=1",
					"$(inherited)",
				);
				GCC_WARN_64_TO_32_BIT_CONVERSION = YES;
				GCC_WARN_ABOUT_RETURN_TYPE = YES_ERROR;
				GCC_WARN_UNDECLARED_SELECTOR = YES;
				GCC_WARN_UNINITIALIZED_AUTOS = YES_AGGRESSIVE;
				GCC_WARN_UNUSED_FUNCTION = YES;
				GCC_WARN_UNUSED_VARIABLE = YES;
				IPHONEOS_DEPLOYMENT_TARGET = 14.4;
				MTL_ENABLE_DEBUG_INFO = INCLUDE_SOURCE;
				MTL_FAST_MATH = YES;
				ONLY_ACTIVE_ARCH = YES;
				SDKROOT = iphoneos;
				SWIFT_ACTIVE_COMPILATION_CONDITIONS = DEBUG;
				SWIFT_OPTIMIZATION_LEVEL = "-Onone";
			};
			name = Debug;
		};
		228921AB268CAD370095CF4F /* Release */ = {
			isa = XCBuildConfiguration;
			buildSettings = {
				ALWAYS_SEARCH_USER_PATHS = NO;
				CLANG_ANALYZER_NONNULL = YES;
				CLANG_ANALYZER_NUMBER_OBJECT_CONVERSION = YES_AGGRESSIVE;
				CLANG_CXX_LANGUAGE_STANDARD = "gnu++14";
				CLANG_CXX_LIBRARY = "libc++";
				CLANG_ENABLE_MODULES = YES;
				CLANG_ENABLE_OBJC_ARC = YES;
				CLANG_ENABLE_OBJC_WEAK = YES;
				CLANG_WARN_BLOCK_CAPTURE_AUTORELEASING = YES;
				CLANG_WARN_BOOL_CONVERSION = YES;
				CLANG_WARN_COMMA = YES;
				CLANG_WARN_CONSTANT_CONVERSION = YES;
				CLANG_WARN_DEPRECATED_OBJC_IMPLEMENTATIONS = YES;
				CLANG_WARN_DIRECT_OBJC_ISA_USAGE = YES_ERROR;
				CLANG_WARN_DOCUMENTATION_COMMENTS = YES;
				CLANG_WARN_EMPTY_BODY = YES;
				CLANG_WARN_ENUM_CONVERSION = YES;
				CLANG_WARN_INFINITE_RECURSION = YES;
				CLANG_WARN_INT_CONVERSION = YES;
				CLANG_WARN_NON_LITERAL_NULL_CONVERSION = YES;
				CLANG_WARN_OBJC_IMPLICIT_RETAIN_SELF = YES;
				CLANG_WARN_OBJC_LITERAL_CONVERSION = YES;
				CLANG_WARN_OBJC_ROOT_CLASS = YES_ERROR;
				CLANG_WARN_QUOTED_INCLUDE_IN_FRAMEWORK_HEADER = YES;
				CLANG_WARN_RANGE_LOOP_ANALYSIS = YES;
				CLANG_WARN_STRICT_PROTOTYPES = YES;
				CLANG_WARN_SUSPICIOUS_MOVE = YES;
				CLANG_WARN_UNGUARDED_AVAILABILITY = YES_AGGRESSIVE;
				CLANG_WARN_UNREACHABLE_CODE = YES;
				CLANG_WARN__DUPLICATE_METHOD_MATCH = YES;
				COPY_PHASE_STRIP = NO;
				DEBUG_INFORMATION_FORMAT = "dwarf-with-dsym";
				ENABLE_NS_ASSERTIONS = NO;
				ENABLE_STRICT_OBJC_MSGSEND = YES;
				GCC_C_LANGUAGE_STANDARD = gnu11;
				GCC_NO_COMMON_BLOCKS = YES;
				GCC_WARN_64_TO_32_BIT_CONVERSION = YES;
				GCC_WARN_ABOUT_RETURN_TYPE = YES_ERROR;
				GCC_WARN_UNDECLARED_SELECTOR = YES;
				GCC_WARN_UNINITIALIZED_AUTOS = YES_AGGRESSIVE;
				GCC_WARN_UNUSED_FUNCTION = YES;
				GCC_WARN_UNUSED_VARIABLE = YES;
				IPHONEOS_DEPLOYMENT_TARGET = 14.4;
				MTL_ENABLE_DEBUG_INFO = NO;
				MTL_FAST_MATH = YES;
				SDKROOT = iphoneos;
				SWIFT_COMPILATION_MODE = wholemodule;
				SWIFT_OPTIMIZATION_LEVEL = "-O";
				VALIDATE_PRODUCT = YES;
			};
			name = Release;
		};
		228921AD268CAD370095CF4F /* Debug */ = {
			isa = XCBuildConfiguration;
			buildSettings = {
				ASSETCATALOG_COMPILER_APPICON_NAME = AppIcon;
				ASSETCATALOG_COMPILER_GLOBAL_ACCENT_COLOR_NAME = AccentColor;
				CODE_SIGN_STYLE = Automatic;
				DEVELOPMENT_ASSET_PATHS = "\"WeSplit/Preview Content\"";
				DEVELOPMENT_TEAM = C4WFXJG8SF;
				ENABLE_PREVIEWS = YES;
				INFOPLIST_FILE = WeSplit/Info.plist;
				LD_RUNPATH_SEARCH_PATHS = (
					"$(inherited)",
					"@executable_path/Frameworks",
				);
				PRODUCT_BUNDLE_IDENTIFIER = com.tunmiseotegbayo.WeSplit;
				PRODUCT_NAME = "$(TARGET_NAME)";
				SWIFT_VERSION = 5.0;
				TARGETED_DEVICE_FAMILY = "1,2";
			};
			name = Debug;
		};
		228921AE268CAD370095CF4F /* Release */ = {
			isa = XCBuildConfiguration;
			buildSettings = {
				ASSETCATALOG_COMPILER_APPICON_NAME = AppIcon;
				ASSETCATALOG_COMPILER_GLOBAL_ACCENT_COLOR_NAME = AccentColor;
				CODE_SIGN_STYLE = Automatic;
				DEVELOPMENT_ASSET_PATHS = "\"WeSplit/Preview Content\"";
				DEVELOPMENT_TEAM = C4WFXJG8SF;
				ENABLE_PREVIEWS = YES;
				INFOPLIST_FILE = WeSplit/Info.plist;
				LD_RUNPATH_SEARCH_PATHS = (
					"$(inherited)",
					"@executable_path/Frameworks",
				);
				PRODUCT_BUNDLE_IDENTIFIER = com.tunmiseotegbayo.WeSplit;
				PRODUCT_NAME = "$(TARGET_NAME)";
				SWIFT_VERSION = 5.0;
				TARGETED_DEVICE_FAMILY = "1,2";
			};
			name = Release;
		};
		228921B0268CAD370095CF4F /* Debug */ = {
			isa = XCBuildConfiguration;
			buildSettings = {
				ALWAYS_EMBED_SWIFT_STANDARD_LIBRARIES = YES;
				BUNDLE_LOADER = "$(TEST_HOST)";
				CODE_SIGN_STYLE = Automatic;
				DEVELOPMENT_TEAM = C4WFXJG8SF;
				INFOPLIST_FILE = WeSplitTests/Info.plist;
				IPHONEOS_DEPLOYMENT_TARGET = 14.4;
				LD_RUNPATH_SEARCH_PATHS = (
					"$(inherited)",
					"@executable_path/Frameworks",
					"@loader_path/Frameworks",
				);
				PRODUCT_BUNDLE_IDENTIFIER = com.tunmiseotegbayo.WeSplitTests;
				PRODUCT_NAME = "$(TARGET_NAME)";
				SWIFT_VERSION = 5.0;
				TARGETED_DEVICE_FAMILY = "1,2";
				TEST_HOST = "$(BUILT_PRODUCTS_DIR)/WeSplit.app/WeSplit";
			};
			name = Debug;
		};
		228921B1268CAD370095CF4F /* Release */ = {
			isa = XCBuildConfiguration;
			buildSettings = {
				ALWAYS_EMBED_SWIFT_STANDARD_LIBRARIES = YES;
				BUNDLE_LOADER = "$(TEST_HOST)";
				CODE_SIGN_STYLE = Automatic;
				DEVELOPMENT_TEAM = C4WFXJG8SF;
				INFOPLIST_FILE = WeSplitTests/Info.plist;
				IPHONEOS_DEPLOYMENT_TARGET = 14.4;
				LD_RUNPATH_SEARCH_PATHS = (
					"$(inherited)",
					"@executable_path/Frameworks",
					"@loader_path/Frameworks",
				);
				PRODUCT_BUNDLE_IDENTIFIER = com.tunmiseotegbayo.WeSplitTests;
				PRODUCT_NAME = "$(TARGET_NAME)";
				SWIFT_VERSION = 5.0;
				TARGETED_DEVICE_FAMILY = "1,2";
				TEST_HOST = "$(BUILT_PRODUCTS_DIR)/WeSplit.app/WeSplit";
			};
			name = Release;
		};
		228921B3268CAD370095CF4F /* Debug */ = {
			isa = XCBuildConfiguration;
			buildSettings = {
				ALWAYS_EMBED_SWIFT_STANDARD_LIBRARIES = YES;
				CODE_SIGN_STYLE = Automatic;
				DEVELOPMENT_TEAM = C4WFXJG8SF;
				INFOPLIST_FILE = WeSplitUITests/Info.plist;
				LD_RUNPATH_SEARCH_PATHS = (
					"$(inherited)",
					"@executable_path/Frameworks",
					"@loader_path/Frameworks",
				);
				PRODUCT_BUNDLE_IDENTIFIER = com.tunmiseotegbayo.WeSplitUITests;
				PRODUCT_NAME = "$(TARGET_NAME)";
				SWIFT_VERSION = 5.0;
				TARGETED_DEVICE_FAMILY = "1,2";
				TEST_TARGET_NAME = WeSplit;
			};
			name = Debug;
		};
		228921B4268CAD370095CF4F /* Release */ = {
			isa = XCBuildConfiguration;
			buildSettings = {
				ALWAYS_EMBED_SWIFT_STANDARD_LIBRARIES = YES;
				CODE_SIGN_STYLE = Automatic;
				DEVELOPMENT_TEAM = C4WFXJG8SF;
				INFOPLIST_FILE = WeSplitUITests/Info.plist;
				LD_RUNPATH_SEARCH_PATHS = (
					"$(inherited)",
					"@executable_path/Frameworks",
					"@loader_path/Frameworks",
				);
				PRODUCT_BUNDLE_IDENTIFIER = com.tunmiseotegbayo.WeSplitUITests;
				PRODUCT_NAME = "$(TARGET_NAME)";
				SWIFT_VERSION = 5.0;
				TARGETED_DEVICE_FAMILY = "1,2";
				TEST_TARGET_NAME = WeSplit;
			};
			name = Release;
		};
/* End XCBuildConfiguration section */

/* Begin XCConfigurationList section */
		2289217A268CAD2F0095CF4F /* Build configuration list for PBXProject "WeSplit" */ = {
			isa = XCConfigurationList;
			buildConfigurations = (
				228921AA268CAD370095CF4F /* Debug */,
				228921AB268CAD370095CF4F /* Release */,
			);
			defaultConfigurationIsVisible = 0;
			defaultConfigurationName = Release;
		};
		228921AC268CAD370095CF4F /* Build configuration list for PBXNativeTarget "WeSplit" */ = {
			isa = XCConfigurationList;
			buildConfigurations = (
				228921AD268CAD370095CF4F /* Debug */,
				228921AE268CAD370095CF4F /* Release */,
			);
			defaultConfigurationIsVisible = 0;
			defaultConfigurationName = Release;
		};
		228921AF268CAD370095CF4F /* Build configuration list for PBXNativeTarget "WeSplitTests" */ = {
			isa = XCConfigurationList;
			buildConfigurations = (
				228921B0268CAD370095CF4F /* Debug */,
				228921B1268CAD370095CF4F /* Release */,
			);
			defaultConfigurationIsVisible = 0;
			defaultConfigurationName = Release;
		};
		228921B2268CAD370095CF4F /* Build configuration list for PBXNativeTarget "WeSplitUITests" */ = {
			isa = XCConfigurationList;
			buildConfigurations = (
				228921B3268CAD370095CF4F /* Debug */,
				228921B4268CAD370095CF4F /* Release */,
			);
			defaultConfigurationIsVisible = 0;
			defaultConfigurationName = Release;
		};
/* End XCConfigurationList section */

/* Begin XCVersionGroup section */
		22892188268CAD2F0095CF4F /* WeSplit.xcdatamodeld */ = {
			isa = XCVersionGroup;
			children = (
				22892189268CAD2F0095CF4F /* WeSplit.xcdatamodel */,
			);
			currentVersion = 22892189268CAD2F0095CF4F /* WeSplit.xcdatamodel */;
			path = WeSplit.xcdatamodeld;
			sourceTree = "<group>";
			versionGroupType = wrapper.xcdatamodel;
		};
/* End XCVersionGroup section */
	};
	rootObject = 22892177268CAD2F0095CF4F /* Project object */;
}
